
Microsoft Visual Studio Solution File, Format Version 12.00
# Visual Studio 15
VisualStudioVersion = 15.0.26730.16
MinimumVisualStudioVersion = 10.0.40219.1
Project("{8BC9CEB8-8B4A-11D0-8D11-00A0C91BC942}") = "ANN_Pattern", "ANN_Pattern\ANN_Pattern.vcxproj", "{744499C4-09BB-413A-9C5C-93387893C15B}"
EndProject
Global
	GlobalSection(SolutionConfigurationPlatforms) = preSolution
		Debug|x64 = Debug|x64
		Debug|x86 = Debug|x86
		Release|x64 = Release|x64
		Release|x86 = Release|x86
	EndGlobalSection
	GlobalSection(ProjectConfigurationPlatforms) = postSolution
		{744499C4-09BB-413A-9C5C-93387893C15B}.Debug|x64.ActiveCfg = Debug|x64
		{744499C4-09BB-413A-9C5C-93387893C15B}.Debug|x64.Build.0 = Debug|x64
		{744499C4-09BB-413A-9C5C-93387893C15B}.Debug|x86.ActiveCfg = Debug|Win32
		{744499C4-09BB-413A-9C5C-93387893C15B}.Debug|x86.Build.0 = Debug|Win32
		{744499C4-09BB-413A-9C5C-93387893C15B}.Release|x64.ActiveCfg = Release|x64
		{744499C4-09BB-413A-9C5C-93387893C15B}.Release|x64.Build.0 = Release|x64
		{744499C4-09BB-413A-9C5C-93387893C15B}.Release|x86.ActiveCfg = Release|Win32
		{744499C4-09BB-413A-9C5C-93387893C15B}.Release|x86.Build.0 = Release|Win32
	EndGlobalSection
	GlobalSection(SolutionProperties) = preSolution
		HideSolutionNode = FALSE
	EndGlobalSection
	GlobalSection(ExtensibilityGlobals) = postSolution
		SolutionGuid = {74DB5563-C872-4A70-983A-BB04DBE62724}
	EndGlobalSection
EndGlobal
